// !$*UTF8*$!
{
	archiveVersion = 1;
	classes = {
	};
	objectVersion = 56;
	objects = {

/* Begin PBXBuildFile section */
		A1000001 /* TgWsProxyApp.swift in Sources */ = {isa = PBXBuildFile; fileRef = A2000001; };
		A1000002 /* ContentView.swift in Sources */ = {isa = PBXBuildFile; fileRef = A2000002; };
		A1000003 /* ConnectionTab.swift in Sources */ = {isa = PBXBuildFile; fileRef = A2000003; };
		A1000004 /* SettingsTab.swift in Sources */ = {isa = PBXBuildFile; fileRef = A2000004; };
		A1000005 /* LogsTab.swift in Sources */ = {isa = PBXBuildFile; fileRef = A2000005; };
		A1000006 /* InfoTab.swift in Sources */ = {isa = PBXBuildFile; fileRef = A2000006; };
		A1000007 /* ProxyManager.swift in Sources */ = {isa = PBXBuildFile; fileRef = A2000007; };
		A1000008 /* LogManager.swift in Sources */ = {isa = PBXBuildFile; fileRef = A2000008; };
		A1000009 /* SettingsStore.swift in Sources */ = {isa = PBXBuildFile; fileRef = A2000009; };
		A100000A /* Theme.swift in Sources */ = {isa = PBXBuildFile; fileRef = A200000A; };
		A100000B /* TgWsProxyTests.swift in Sources */ = {isa = PBXBuildFile; fileRef = A200000B; };
		A100000C /* TgWsProxyUITests.swift in Sources */ = {isa = PBXBuildFile; fileRef = A200000C; };
		A100000D /* BackgroundManager.swift in Sources */ = {isa = PBXBuildFile; fileRef = A2000015; };
/* End PBXBuildFile section */

/* Begin PBXContainerItemProxy section */
		A3000001 /* PBXContainerItemProxy */ = {
			isa = PBXContainerItemProxy;
			containerPortal = A4000001 /* Project object */;
			proxyType = 1;
			remoteGlobalIDString = A5000001;
			remoteInfo = TgWsProxy;
			target = A5000001;
		};
		A3000002 /* PBXContainerItemProxy */ = {
			isa = PBXContainerItemProxy;
			containerPortal = A4000001 /* Project object */;
			proxyType = 1;
			remoteGlobalIDString = A5000001;
			remoteInfo = TgWsProxy;
			target = A5000001;
		};
/* End PBXContainerItemProxy section */

/* Begin PBXTargetDependency section */
		A3100001 /* PBXTargetDependency */ = {
			isa = PBXTargetDependency;
			target = A5000001 /* TgWsProxy */;
			targetProxy = A3000001 /* PBXContainerItemProxy */;
		};
		A3100002 /* PBXTargetDependency */ = {
			isa = PBXTargetDependency;
			target = A5000001 /* TgWsProxy */;
			targetProxy = A3000002 /* PBXContainerItemProxy */;
		};
/* End PBXTargetDependency section */

/* Begin PBXFileReference section */
		A2000001 /* TgWsProxyApp.swift */ = {isa = PBXFileReference; lastKnownFileType = sourcecode.swift; path = TgWsProxyApp.swift; sourceTree = "<group>"; };
		A2000002 /* ContentView.swift */ = {isa = PBXFileReference; lastKnownFileType = sourcecode.swift; path = ContentView.swift; sourceTree = "<group>"; };
		A2000003 /* ConnectionTab.swift */ = {isa = PBXFileReference; lastKnownFileType = sourcecode.swift; path = ConnectionTab.swift; sourceTree = "<group>"; };
		A2000004 /* SettingsTab.swift */ = {isa = PBXFileReference; lastKnownFileType = sourcecode.swift; path = SettingsTab.swift; sourceTree = "<group>"; };
		A2000005 /* LogsTab.swift */ = {isa = PBXFileReference; lastKnownFileType = sourcecode.swift; path = LogsTab.swift; sourceTree = "<group>"; };
		A2000006 /* InfoTab.swift */ = {isa = PBXFileReference; lastKnownFileType = sourcecode.swift; path = InfoTab.swift; sourceTree = "<group>"; };
		A2000007 /* ProxyManager.swift */ = {isa = PBXFileReference; lastKnownFileType = sourcecode.swift; path = ProxyManager.swift; sourceTree = "<group>"; };
		A2000008 /* LogManager.swift */ = {isa = PBXFileReference; lastKnownFileType = sourcecode.swift; path = LogManager.swift; sourceTree = "<group>"; };
		A2000009 /* SettingsStore.swift */ = {isa = PBXFileReference; lastKnownFileType = sourcecode.swift; path = SettingsStore.swift; sourceTree = "<group>"; };
		A200000A /* Theme.swift */ = {isa = PBXFileReference; lastKnownFileType = sourcecode.swift; path = Theme.swift; sourceTree = "<group>"; };
		A200000B /* TgWsProxyTests.swift */ = {isa = PBXFileReference; lastKnownFileType = sourcecode.swift; path = TgWsProxyTests.swift; sourceTree = "<group>"; };
		A200000C /* TgWsProxyUITests.swift */ = {isa = PBXFileReference; lastKnownFileType = sourcecode.swift; path = TgWsProxyUITests.swift; sourceTree = "<group>"; };
		A200000D /* Info.plist */ = {isa = PBXFileReference; lastKnownFileType = text.plist.xml; path = Info.plist; sourceTree = "<group>"; };
		A200000E /* Entitlements.entitlements */ = {isa = PBXFileReference; lastKnownFileType = text.plist.entitlements; path = Entitlements.entitlements; sourceTree = "<group>"; };
		A200000F /* Assets.xcassets */ = {isa = PBXFileReference; lastKnownFileType = folder.assetcatalog; path = Assets.xcassets; sourceTree = "<group>"; };
		A2000010 /* TgWsProxy-Bridging-Header.h */ = {isa = PBXFileReference; lastKnownFileType = sourcecode.c.h; path = "TgWsProxy-Bridging-Header.h"; sourceTree = "<group>"; };
		A2000011 /* tg_ws_proxy.h */ = {isa = PBXFileReference; lastKnownFileType = sourcecode.c.h; path = tg_ws_proxy.h; sourceTree = "<group>"; };
		A2000012 /* TgWsProxy.app */ = {isa = PBXFileReference; explicitFileType = wrapper.application; includeInIndex = 0; path = TgWsProxy.app; sourceTree = BUILT_PRODUCTS_DIR; };
		A2000013 /* TgWsProxyTests.xctest */ = {isa = PBXFileReference; explicitFileType = wrapper.cfbundle; includeInIndex = 0; path = TgWsProxyTests.xctest; sourceTree = BUILT_PRODUCTS_DIR; };
		A2000014 /* TgWsProxyUITests-Runner.app */ = {isa = PBXFileReference; explicitFileType = wrapper.application; includeInIndex = 0; path = "TgWsProxyUITests-Runner.app"; sourceTree = BUILT_PRODUCTS_DIR; };
		A2000015 /* BackgroundManager.swift */ = {isa = PBXFileReference; lastKnownFileType = sourcecode.swift; path = BackgroundManager.swift; sourceTree = "<group>"; };
/* End PBXFileReference section */

/* Begin PBXFrameworksBuildPhase section */
		A6000001 /* Frameworks */ = { isa = PBXFrameworksBuildPhase; buildActionMask = 2147483647; files = ( ); runOnlyForDeploymentPostprocessing = 0; };
		A6000002 /* Frameworks */ = { isa = PBXFrameworksBuildPhase; buildActionMask = 2147483647; files = ( ); runOnlyForDeploymentPostprocessing = 0; };
		A6000003 /* Frameworks */ = { isa = PBXFrameworksBuildPhase; buildActionMask = 2147483647; files = ( ); runOnlyForDeploymentPostprocessing = 0; };
/* End PBXFrameworksBuildPhase section */

/* Begin PBXGroup section */
		A7000001 = { isa = PBXGroup; children = ( A7000002 /* TgWsProxy */, A7000005 /* TgWsProxyTests */, A7000006 /* TgWsProxyUITests */, A7000007 /* Products */, ); sourceTree = "<group>"; };
		A7000002 /* TgWsProxy */ = { isa = PBXGroup; children = ( A2000001 /* TgWsProxyApp.swift */, A7000003 /* Bridge */, A7000004 /* Core */, A200000D /* Info.plist */, A200000E /* Entitlements.entitlements */, A200000F /* Assets.xcassets */, A7000008 /* Views */, A7000009 /* Models */, A700000A /* Theme */, ); path = TgWsProxy; sourceTree = "<group>"; };
		A7000003 /* Bridge */ = { isa = PBXGroup; children = ( A2000010 /* TgWsProxy-Bridging-Header.h */, ); path = Bridge; sourceTree = "<group>"; };
		A7000004 /* Core */ = { isa = PBXGroup; children = ( A2000007 /* ProxyManager.swift */, A2000008 /* LogManager.swift */, A2000015 /* BackgroundManager.swift */, ); path = Core; sourceTree = "<group>"; };
		A7000005 /* TgWsProxyTests */ = { isa = PBXGroup; children = ( A200000B /* TgWsProxyTests.swift */, ); path = TgWsProxyTests; sourceTree = "<group>"; };
		A7000006 /* TgWsProxyUITests */ = { isa = PBXGroup; children = ( A200000C /* TgWsProxyUITests.swift */, ); path = TgWsProxyUITests; sourceTree = "<group>"; };
		A7000007 /* Products */ = { isa = PBXGroup; children = ( A2000012 /* TgWsProxy.app */, A2000013 /* TgWsProxyTests.xctest */, A2000014 /* TgWsProxyUITests-Runner.app */, ); name = Products; sourceTree = "<group>"; };
		A7000008 /* Views */ = { isa = PBXGroup; children = ( A2000002 /* ContentView.swift */, A2000003 /* ConnectionTab.swift */, A2000004 /* SettingsTab.swift */, A2000005 /* LogsTab.swift */, A2000006 /* InfoTab.swift */, ); path = Views; sourceTree = "<group>"; };
		A7000009 /* Models */ = { isa = PBXGroup; children = ( A2000009 /* SettingsStore.swift */, ); path = Models; sourceTree = "<group>"; };
		A700000A /* Theme */ = { isa = PBXGroup; children = ( A200000A /* Theme.swift */, ); path = Theme; sourceTree = "<group>"; };
/* End PBXGroup section */

/* Begin PBXNativeTarget section */
		A5000001 /* TgWsProxy */ = { isa = PBXNativeTarget; buildConfigurationList = A8000001 /* Build configuration list for PBXNativeTarget "TgWsProxy" */; buildPhases = ( A9000001 /* Sources */, A6000001 /* Frameworks */, AA000001 /* Resources */, ); buildRules = ( ); dependencies = ( ); name = TgWsProxy; productName = TgWsProxy; productReference = A2000012 /* TgWsProxy.app */; productType = "com.apple.product-type.application"; };
		A5000002 /* TgWsProxyTests */ = { isa = PBXNativeTarget; buildConfigurationList = A8000002 /* Build configuration list for PBXNativeTarget "TgWsProxyTests" */; buildPhases = ( A9000002 /* Sources */, A6000002 /* Frameworks */, AA000002 /* Resources */, ); buildRules = ( ); dependencies = ( A3100001 /* PBXTargetDependency */, ); name = TgWsProxyTests; productName = TgWsProxyTests; productReference = A2000013 /* TgWsProxyTests.xctest */; productType = "com.apple.product-type.bundle.unit-test"; };
		A5000003 /* TgWsProxyUITests */ = { isa = PBXNativeTarget; buildConfigurationList = A8000003 /* Build configuration list for PBXNativeTarget "TgWsProxyUITests" */; buildPhases = ( A9000003 /* Sources */, A6000003 /* Frameworks */, AA000003 /* Resources */, ); buildRules = ( ); dependencies = ( A3100002 /* PBXTargetDependency */, ); name = TgWsProxyUITests; productName = TgWsProxyUITests; productReference = A2000014 /* TgWsProxyUITests-Runner.app */; productType = "com.apple.product-type.bundle.ui-testing"; };
/* End PBXNativeTarget section */

/* Begin PBXProject section */
		A4000001 /* Project object */ = { isa = PBXProject; attributes = { BuildIndependentTargetsInParallel = 1; LastSwiftUpdateCheck = 1500; LastUpgradeCheck = 1500; TargetAttributes = { A5000001 = { CreatedOnToolsVersion = 15.0; }; A5000002 = { CreatedOnToolsVersion = 15.0; TestTargetID = A5000001; }; A5000003 = { CreatedOnToolsVersion = 15.0; TestTargetID = A5000001; }; }; }; buildConfigurationList = A8000004 /* Build configuration list for PBXProject "TgWsProxy" */; compatibilityVersion = "Xcode 14.0"; developmentRegion = en; hasScannedForEncodings = 0; knownRegions = ( en, Base, ); mainGroup = A7000001; productRefGroup = A7000007 /* Products */; projectDirPath = ""; projectRoot = ""; targets = ( A5000001 /* TgWsProxy */, A5000002 /* TgWsProxyTests */, A5000003 /* TgWsProxyUITests */, ); };
/* End PBXProject section */

/* Begin PBXResourcesBuildPhase section */
		AA000001 /* Resources */ = { isa = PBXResourcesBuildPhase; buildActionMask = 2147483647; files = ( ); runOnlyForDeploymentPostprocessing = 0; };
		AA000002 /* Resources */ = { isa = PBXResourcesBuildPhase; buildActionMask = 2147483647; files = ( ); runOnlyForDeploymentPostprocessing = 0; };
		AA000003 /* Resources */ = { isa = PBXResourcesBuildPhase; buildActionMask = 2147483647; files = ( ); runOnlyForDeploymentPostprocessing = 0; };
/* End PBXResourcesBuildPhase section */

/* Begin PBXSourcesBuildPhase section */
		A9000001 /* Sources */ = { isa = PBXSourcesBuildPhase; buildActionMask = 2147483647; files = ( A1000001 /* TgWsProxyApp.swift in Sources */, A1000002 /* ContentView.swift in Sources */, A1000003 /* ConnectionTab.swift in Sources */, A1000004 /* SettingsTab.swift in Sources */, A1000005 /* LogsTab.swift in Sources */, A1000006 /* InfoTab.swift in Sources */, A1000007 /* ProxyManager.swift in Sources */, A1000008 /* LogManager.swift in Sources */, A1000009 /* SettingsStore.swift in Sources */, A100000A /* Theme.swift in Sources */, A100000D /* BackgroundManager.swift in Sources */, ); runOnlyForDeploymentPostprocessing = 0; };
		A9000002 /* Sources */ = { isa = PBXSourcesBuildPhase; buildActionMask = 2147483647; files = ( A100000B /* TgWsProxyTests.swift in Sources */, ); runOnlyForDeploymentPostprocessing = 0; };
		A9000003 /* Sources */ = { isa = PBXSourcesBuildPhase; buildActionMask = 2147483647; files = ( A100000C /* TgWsProxyUITests.swift in Sources */, ); runOnlyForDeploymentPostprocessing = 0; };
/* End PBXSourcesBuildPhase section */

/* Begin XCBuildConfiguration section */
		AB000001 /* Debug */ = { isa = XCBuildConfiguration; buildSettings = { ALWAYS_SEARCH_USER_PATHS = NO; ASSETCATALOG_COMPILER_GENERATE_SWIFT_ASSET_SYMBOL_EXTENSIONS = YES; CLANG_ANALYZER_NONNULL = YES; CLANG_CXX_LANGUAGE_STANDARD = "gnu++20"; CLANG_ENABLE_MODULES = YES; CLANG_ENABLE_OBJC_ARC = YES; COPY_PHASE_STRIP = NO; DEBUG_INFORMATION_FORMAT = dwarf; ENABLE_STRICT_OBJC_MSGSEND = YES; ENABLE_TESTABILITY = YES; GCC_DYNAMIC_NO_PIC = NO; GCC_OPTIMIZATION_LEVEL = 0; GCC_PREPROCESSOR_DEFINITIONS = ( "DEBUG=1", "$(inherited)", ); IPHONEOS_DEPLOYMENT_TARGET = 15.0; MTL_ENABLE_DEBUG_INFO = INCLUDE_SOURCE; ONLY_ACTIVE_ARCH = YES; SDKROOT = iphoneos; SWIFT_ACTIVE_COMPILATION_CONDITIONS = DEBUG; SWIFT_OPTIMIZATION_LEVEL = "-Onone"; }; name = Debug; };
		AB000002 /* Release */ = { isa = XCBuildConfiguration; buildSettings = { ALWAYS_SEARCH_USER_PATHS = NO; ASSETCATALOG_COMPILER_GENERATE_SWIFT_ASSET_SYMBOL_EXTENSIONS = YES; CLANG_ANALYZER_NONNULL = YES; CLANG_CXX_LANGUAGE_STANDARD = "gnu++20"; CLANG_ENABLE_MODULES = YES; CLANG_ENABLE_OBJC_ARC = YES; COPY_PHASE_STRIP = NO; DEBUG_INFORMATION_FORMAT = "dwarf-with-dsym"; ENABLE_NS_ASSERTIONS = NO; ENABLE_STRICT_OBJC_MSGSEND = YES; GCC_OPTIMIZATION_LEVEL = s; IPHONEOS_DEPLOYMENT_TARGET = 15.0; MTL_ENABLE_DEBUG_INFO = NO; SDKROOT = iphoneos; SWIFT_COMPILATION_MODE = wholemodule; SWIFT_OPTIMIZATION_LEVEL = "-O"; VALIDATE_PRODUCT = YES; }; name = Release; };
		AB000003 /* Debug */ = { isa = XCBuildConfiguration; buildSettings = { ASSETCATALOG_COMPILER_APPICON_NAME = AppIcon; ASSETCATALOG_COMPILER_GLOBAL_ACCENT_COLOR_NAME = AccentColor; CODE_SIGN_ENTITLEMENTS = TgWsProxy/Entitlements.entitlements; CODE_SIGN_STYLE = Automatic; CURRENT_PROJECT_VERSION = 1; GENERATE_INFOPLIST_FILE = NO; INFOPLIST_FILE = TgWsProxy/Info.plist; INFOPLIST_KEY_UIApplicationSceneManifest_Generation = YES; INFOPLIST_KEY_UIApplicationSupportsIndirectInputEvents = YES; INFOPLIST_KEY_UILaunchScreen_Generation = YES; INFOPLIST_KEY_UISupportedInterfaceOrientations_iPad = "UIInterfaceOrientationPortrait UIInterfaceOrientationPortraitUpsideDown UIInterfaceOrientationLandscapeLeft UIInterfaceOrientationLandscapeRight"; INFOPLIST_KEY_UISupportedInterfaceOrientations_iPhone = "UIInterfaceOrientationPortrait UIInterfaceOrientationLandscapeLeft UIInterfaceOrientationLandscapeRight"; LD_RUNPATH_SEARCH_PATHS = ( "$(inherited)", "@executable_path/Frameworks", ); MARKETING_VERSION = 1.0.0; PRODUCT_BUNDLE_IDENTIFIER = com.tgwsproxy.ios; PRODUCT_NAME = "$(TARGET_NAME)"; SWIFT_EMIT_LOC_STRINGS = YES; SWIFT_OBJC_BRIDGING_HEADER = "TgWsProxy/Bridge/TgWsProxy-Bridging-Header.h"; SWIFT_VERSION = 5.0; TARGETED_DEVICE_FAMILY = "1,2"; }; name = Debug; };
		AB000004 /* Release */ = { isa = XCBuildConfiguration; buildSettings = { ASSETCATALOG_COMPILER_APPICON_NAME = AppIcon; ASSETCATALOG_COMPILER_GLOBAL_ACCENT_COLOR_NAME = AccentColor; CODE_SIGN_ENTITLEMENTS = TgWsProxy/Entitlements.entitlements; CODE_SIGN_STYLE = Automatic; CURRENT_PROJECT_VERSION = 1; GENERATE_INFOPLIST_FILE = NO; INFOPLIST_FILE = TgWsProxy/Info.plist; INFOPLIST_KEY_UIApplicationSceneManifest_Generation = YES; INFOPLIST_KEY_UIApplicationSupportsIndirectInputEvents = YES; INFOPLIST_KEY_UILaunchScreen_Generation = YES; INFOPLIST_KEY_UISupportedInterfaceOrientations_iPad = "UIInterfaceOrientationPortrait UIInterfaceOrientationPortraitUpsideDown UIInterfaceOrientationLandscapeLeft UIInterfaceOrientationLandscapeRight"; INFOPLIST_KEY_UISupportedInterfaceOrientations_iPhone = "UIInterfaceOrientationPortrait UIInterfaceOrientationLandscapeLeft UIInterfaceOrientationLandscapeRight"; LD_RUNPATH_SEARCH_PATHS = ( "$(inherited)", "@executable_path/Frameworks", ); MARKETING_VERSION = 1.0.0; PRODUCT_BUNDLE_IDENTIFIER = com.tgwsproxy.ios; PRODUCT_NAME = "$(TARGET_NAME)"; SWIFT_EMIT_LOC_STRINGS = YES; SWIFT_OBJC_BRIDGING_HEADER = "TgWsProxy/Bridge/TgWsProxy-Bridging-Header.h"; SWIFT_VERSION = 5.0; TARGETED_DEVICE_FAMILY = "1,2"; }; name = Release; };
		AB000005 /* Debug */ = { isa = XCBuildConfiguration; buildSettings = { BUNDLE_LOADER = "$(TEST_HOST)"; CODE_SIGN_STYLE = Automatic; CURRENT_PROJECT_VERSION = 1; GENERATE_INFOPLIST_FILE = YES; MARKETING_VERSION = 1.0.0; PRODUCT_BUNDLE_IDENTIFIER = com.tgwsproxy.ios.Tests; PRODUCT_NAME = "$(TARGET_NAME)"; SWIFT_EMIT_LOC_STRINGS = NO; SWIFT_VERSION = 5.0; TARGETED_DEVICE_FAMILY = "1,2"; }; name = Debug; };
		AB000006 /* Release */ = { isa = XCBuildConfiguration; buildSettings = { BUNDLE_LOADER = "$(TEST_HOST)"; CODE_SIGN_STYLE = Automatic; CURRENT_PROJECT_VERSION = 1; GENERATE_INFOPLIST_FILE = YES; MARKETING_VERSION = 1.0.0; PRODUCT_BUNDLE_IDENTIFIER = com.tgwsproxy.ios.Tests; PRODUCT_NAME = "$(TARGET_NAME)"; SWIFT_EMIT_LOC_STRINGS = NO; SWIFT_VERSION = 5.0; TARGETED_DEVICE_FAMILY = "1,2"; }; name = Release; };
		AB000007 /* Debug */ = { isa = XCBuildConfiguration; buildSettings = { CODE_SIGN_STYLE = Automatic; CURRENT_PROJECT_VERSION = 1; GENERATE_INFOPLIST_FILE = YES; MARKETING_VERSION = 1.0.0; PRODUCT_BUNDLE_IDENTIFIER = com.tgwsproxy.ios.UITests; PRODUCT_NAME = "$(TARGET_NAME)"; SWIFT_EMIT_LOC_STRINGS = NO; SWIFT_VERSION = 5.0; TARGETED_DEVICE_FAMILY = "1,2"; }; name = Debug; };
		AB000008 /* Release */ = { isa = XCBuildConfiguration; buildSettings = { CODE_SIGN_STYLE = Automatic; CURRENT_PROJECT_VERSION = 1; GENERATE_INFOPLIST_FILE = YES; MARKETING_VERSION = 1.0.0; PRODUCT_BUNDLE_IDENTIFIER = com.tgwsproxy.ios.UITests; PRODUCT_NAME = "$(TARGET_NAME)"; SWIFT_EMIT_LOC_STRINGS = NO; SWIFT_VERSION = 5.0; TARGETED_DEVICE_FAMILY = "1,2"; }; name = Release; };
/* End XCBuildConfiguration section */

/* Begin XCConfigurationList section */
		A8000004 /* Build configuration list for PBXProject "TgWsProxy" */ = { isa = XCConfigurationList; buildConfigurations = ( AB000001 /* Debug */, AB000002 /* Release */, ); defaultConfigurationIsVisible = 0; defaultConfigurationName = Release; };
		A8000001 /* Build configuration list for PBXNativeTarget "TgWsProxy" */ = { isa = XCConfigurationList; buildConfigurations = ( AB000003 /* Debug */, AB000004 /* Release */, ); defaultConfigurationIsVisible = 0; defaultConfigurationName = Release; };
		A8000002 /* Build configuration list for PBXNativeTarget "TgWsProxyTests" */ = { isa = XCConfigurationList; buildConfigurations = ( AB000005 /* Debug */, AB000006 /* Release */, ); defaultConfigurationIsVisible = 0; defaultConfigurationName = Release; };
		A8000003 /* Build configuration list for PBXNativeTarget "TgWsProxyUITests" */ = { isa = XCConfigurationList; buildConfigurations = ( AB000007 /* Debug */, AB000008 /* Release */, ); defaultConfigurationIsVisible = 0; defaultConfigurationName = Release; };
/* End XCConfigurationList section */

	};
	rootObject = A4000001 /* Project object */;
}
